
Microsoft Visual Studio Solution File, Format Version 12.00
# Visual Studio Version 16
VisualStudioVersion = 16.0.30907.101
MinimumVisualStudioVersion = 10.0.40219.1
Project("{FAE04EC0-301F-11D3-BF4B-00C04F79EFBC}") = "ListaArtesanal", "ListaArtesanal\ListaArtesanal.csproj", "{73D71C15-1DFB-4930-AC32-05D9D261619F}"
EndProject
Global
	GlobalSection(SolutionConfigurationPlatforms) = preSolution
		Debug|Any CPU = Debug|Any CPU
		Release|Any CPU = Release|Any CPU
	EndGlobalSection
	GlobalSection(ProjectConfigurationPlatforms) = postSolution
		{73D71C15-1DFB-4930-AC32-05D9D261619F}.Debug|Any CPU.ActiveCfg = Debug|Any CPU
		{73D71C15-1DFB-4930-AC32-05D9D261619F}.Debug|Any CPU.Build.0 = Debug|Any CPU
		{73D71C15-1DFB-4930-AC32-05D9D261619F}.Release|Any CPU.ActiveCfg = Release|Any CPU
		{73D71C15-1DFB-4930-AC32-05D9D261619F}.Release|Any CPU.Build.0 = Release|Any CPU
	EndGlobalSection
	GlobalSection(SolutionProperties) = preSolution
		HideSolutionNode = FALSE
	EndGlobalSection
	GlobalSection(ExtensibilityGlobals) = postSolution
		SolutionGuid = {F62617D5-1666-4E41-BC15-84DFAFE82363}
	EndGlobalSection
EndGlobal
